
Microsoft Visual Studio Solution File, Format Version 12.00
# Visual Studio Version 17
VisualStudioVersion = 17.3.32929.385
MinimumVisualStudioVersion = 10.0.40219.1
Project("{FAE04EC0-301F-11D3-BF4B-00C04F79EFBC}") = "SDET_Team_Task.FolderSync", "SDET_Team_Task.FolderSync\SDET_Team_Task.FolderSync.csproj", "{3A90262B-9557-479C-A14A-2DC2704C3B57}"
EndProject
Project("{FAE04EC0-301F-11D3-BF4B-00C04F79EFBC}") = "SDET_Team_Task.Testing", "SDET_Team_Task.Testing\SDET_Team_Task.Testing.csproj", "{FD96B517-D11B-4CCB-83AE-0B4C474684E3}"
EndProject
Global
	GlobalSection(SolutionConfigurationPlatforms) = preSolution
		Debug|Any CPU = Debug|Any CPU
		Release|Any CPU = Release|Any CPU
	EndGlobalSection
	GlobalSection(ProjectConfigurationPlatforms) = postSolution
		{3A90262B-9557-479C-A14A-2DC2704C3B57}.Debug|Any CPU.ActiveCfg = Debug|Any CPU
		{3A90262B-9557-479C-A14A-2DC2704C3B57}.Debug|Any CPU.Build.0 = Debug|Any CPU
		{3A90262B-9557-479C-A14A-2DC2704C3B57}.Release|Any CPU.ActiveCfg = Release|Any CPU
		{3A90262B-9557-479C-A14A-2DC2704C3B57}.Release|Any CPU.Build.0 = Release|Any CPU
		{FD96B517-D11B-4CCB-83AE-0B4C474684E3}.Debug|Any CPU.ActiveCfg = Debug|Any CPU
		{FD96B517-D11B-4CCB-83AE-0B4C474684E3}.Debug|Any CPU.Build.0 = Debug|Any CPU
		{FD96B517-D11B-4CCB-83AE-0B4C474684E3}.Release|Any CPU.ActiveCfg = Release|Any CPU
		{FD96B517-D11B-4CCB-83AE-0B4C474684E3}.Release|Any CPU.Build.0 = Release|Any CPU
	EndGlobalSection
	GlobalSection(SolutionProperties) = preSolution
		HideSolutionNode = FALSE
	EndGlobalSection
	GlobalSection(ExtensibilityGlobals) = postSolution
		SolutionGuid = {896041DD-7C41-4B9D-B6DD-1AE82395EEA5}
	EndGlobalSection
EndGlobal
